// !$*UTF8*$!
{
	archiveVersion = 1;
	classes = {
	};
	objectVersion = 56;
	objects = {

/* Begin PBXBuildFile section */
		CBB256822F829C22003C10AE /* CoordinateTests.swift in Sources */ = {isa = PBXBuildFile; fileRef = CBB256812F829C21003C10AE /* CoordinateTests.swift */; };
		CBB256902F829C22003C10AE /* SphericalMath.swift in Sources */ = {isa = PBXBuildFile; fileRef = CBB2567A2F829A9C003C10AE /* SphericalMath.swift */; };
		CBB256912F829C22003C10AE /* SiderealTime.swift in Sources */ = {isa = PBXBuildFile; fileRef = CBB2567C2F829A9E003C10AE /* SiderealTime.swift */; };
		CBB256922F829C22003C10AE /* CoordinatePipeline.swift in Sources */ = {isa = PBXBuildFile; fileRef = CBB2567B2F829A9D003C10AE /* CoordinatePipeline.swift */; };
		CBD63CAF2F8140020024CAF4 /* Vedic_SkyviewApp.swift in Sources */ = {isa = PBXBuildFile; fileRef = CBD63CAE2F8140020024CAF4 /* Vedic_SkyviewApp.swift */; };
		CBD63CB12F8140020024CAF4 /* ContentView.swift in Sources */ = {isa = PBXBuildFile; fileRef = CBD63CB02F8140020024CAF4 /* ContentView.swift */; };
		CBD63CB32F8140050024CAF4 /* Assets.xcassets in Resources */ = {isa = PBXBuildFile; fileRef = CBD63CB22F8140050024CAF4 /* Assets.xcassets */; };
		CBD63CB62F8140060024CAF4 /* Preview Assets.xcassets in Resources */ = {isa = PBXBuildFile; fileRef = CBD63CB52F8140060024CAF4 /* Preview Assets.xcassets */; };
		CBD63CC02F8140060024CAF4 /* Vedic_SkyviewTests.swift in Sources */ = {isa = PBXBuildFile; fileRef = CBD63CBF2F8140060024CAF4 /* Vedic_SkyviewTests.swift */; };
		CBD63CCA2F8140060024CAF4 /* Vedic_SkyviewUITests.swift in Sources */ = {isa = PBXBuildFile; fileRef = CBD63CC92F8140060024CAF4 /* Vedic_SkyviewUITests.swift */; };
		CBD63CCC2F8140060024CAF4 /* Vedic_SkyviewUITestsLaunchTests.swift in Sources */ = {isa = PBXBuildFile; fileRef = CBD63CCB2F8140060024CAF4 /* Vedic_SkyviewUITestsLaunchTests.swift */; };
		CBD63D182F8143690024CAF4 /* constants.c in Sources */ = {isa = PBXBuildFile; fileRef = CBD63CE12F8143690024CAF4 /* constants.c */; settings = {COMPILER_FLAGS = "-w"; }; };
		CBD63D192F8143690024CAF4 /* swemmoon.c in Sources */ = {isa = PBXBuildFile; fileRef = CBD63CE52F8143690024CAF4 /* swemmoon.c */; settings = {COMPILER_FLAGS = "-w"; }; };
		CBD63D1B2F8143690024CAF4 /* sweephe4.c in Sources */ = {isa = PBXBuildFile; fileRef = CBD63CE82F8143690024CAF4 /* sweephe4.c */; settings = {COMPILER_FLAGS = "-w"; }; };
		CBD63D1D2F8143690024CAF4 /* swehel.c in Sources */ = {isa = PBXBuildFile; fileRef = CBD63CEF2F8143690024CAF4 /* swehel.c */; settings = {COMPILER_FLAGS = "-w"; }; };
		CBD63D212F8143690024CAF4 /* reader.c in Sources */ = {isa = PBXBuildFile; fileRef = CBD63CF82F8143690024CAF4 /* reader.c */; settings = {COMPILER_FLAGS = "-w"; }; };
		CBD63D262F8143690024CAF4 /* swehouse.c in Sources */ = {isa = PBXBuildFile; fileRef = CBD63CFE2F8143690024CAF4 /* swehouse.c */; settings = {COMPILER_FLAGS = "-w"; }; };
		CBD63D272F8143690024CAF4 /* swecl.c in Sources */ = {isa = PBXBuildFile; fileRef = CBD63CFF2F8143690024CAF4 /* swecl.c */; settings = {COMPILER_FLAGS = "-w"; }; };
		CBD63D2B2F81436A0024CAF4 /* sweph.c in Sources */ = {isa = PBXBuildFile; fileRef = CBD63D062F8143690024CAF4 /* sweph.c */; settings = {COMPILER_FLAGS = "-w"; }; };
		CBD63D2C2F81436A0024CAF4 /* swedate.c in Sources */ = {isa = PBXBuildFile; fileRef = CBD63D072F8143690024CAF4 /* swedate.c */; settings = {COMPILER_FLAGS = "-w"; }; };
		CBD63D312F81436A0024CAF4 /* swemplan.c in Sources */ = {isa = PBXBuildFile; fileRef = CBD63D0C2F8143690024CAF4 /* swemplan.c */; settings = {COMPILER_FLAGS = "-w"; }; };
		CBD63D322F81436A0024CAF4 /* swephlib.c in Sources */ = {isa = PBXBuildFile; fileRef = CBD63D0D2F8143690024CAF4 /* swephlib.c */; settings = {COMPILER_FLAGS = "-w"; }; };
		CBD63D352F81436A0024CAF4 /* globals.c in Sources */ = {isa = PBXBuildFile; fileRef = CBD63D102F8143690024CAF4 /* globals.c */; settings = {COMPILER_FLAGS = "-w"; }; };
		CBD63D362F81436A0024CAF4 /* swejpl.c in Sources */ = {isa = PBXBuildFile; fileRef = CBD63D122F8143690024CAF4 /* swejpl.c */; settings = {COMPILER_FLAGS = "-w"; }; };
		CBD63D3C2F8143CF0024CAF4 /* EphemerisEngine.swift in Sources */ = {isa = PBXBuildFile; fileRef = CBD63D3B2F8143CF0024CAF4 /* EphemerisEngine.swift */; };
		CBD63EC02F8144060024CAF4 /* seorbel.txt in Resources */ = {isa = PBXBuildFile; fileRef = CBD63DBC2F8144050024CAF4 /* seorbel.txt */; };
		CBD63ED22F8144060024CAF4 /* sepl_18.se1 in Resources */ = {isa = PBXBuildFile; fileRef = CBD63DCE2F8144050024CAF4 /* sepl_18.se1 */; };
		CBD63F312F8144060024CAF4 /* semo_18.se1 in Resources */ = {isa = PBXBuildFile; fileRef = CBD63E2E2F8144060024CAF4 /* semo_18.se1 */; };
		CBD63F412F8144060024CAF4 /* sefstars.txt in Resources */ = {isa = PBXBuildFile; fileRef = CBD63E3E2F8144060024CAF4 /* sefstars.txt */; };
		CBD63F4F2F8144280024CAF4 /* graha_fixtures.json in Resources */ = {isa = PBXBuildFile; fileRef = CBD63F4C2F8144280024CAF4 /* graha_fixtures.json */; };
		CBD63F522F81463E0024CAF4 /* XCTest.framework in Frameworks */ = {isa = PBXBuildFile; fileRef = CBD63F512F81463E0024CAF4 /* XCTest.framework */; platformFilter = ios; };
		CBD63F532F814D280024CAF4 /* EphemerisEngine.swift in Sources */ = {isa = PBXBuildFile; fileRef = CBD63D3B2F8143CF0024CAF4 /* EphemerisEngine.swift */; };
		CBD63F542F814E9A0024CAF4 /* EphemerisTests.swift in Sources */ = {isa = PBXBuildFile; fileRef = CBD63F492F8144280024CAF4 /* EphemerisTests.swift */; };
		CBD64B032FA00000003C1003 /* VedicSkyviewController.swift in Sources */ = {isa = PBXBuildFile; fileRef = CBD64B012FA00000003C1001 /* VedicSkyviewController.swift */; };
		CBD64B042FA00000003C1004 /* LocationHeadingManager.swift in Sources */ = {isa = PBXBuildFile; fileRef = CBD64B022FA00000003C1002 /* LocationHeadingManager.swift */; };
/* End PBXBuildFile section */

/* Begin PBXContainerItemProxy section */
		CBD63CBC2F8140060024CAF4 /* PBXContainerItemProxy */ = {
			isa = PBXContainerItemProxy;
			containerPortal = CBD63CA32F8140020024CAF4 /* Project object */;
			proxyType = 1;
			remoteGlobalIDString = CBD63CAA2F8140020024CAF4;
			remoteInfo = "Vedic Skyview";
		};
		CBD63CC62F8140060024CAF4 /* PBXContainerItemProxy */ = {
			isa = PBXContainerItemProxy;
			containerPortal = CBD63CA32F8140020024CAF4 /* Project object */;
			proxyType = 1;
			remoteGlobalIDString = CBD63CAA2F8140020024CAF4;
			remoteInfo = "Vedic Skyview";
		};
/* End PBXContainerItemProxy section */

/* Begin PBXFileReference section */
		CBB2567A2F829A9C003C10AE /* SphericalMath.swift */ = {isa = PBXFileReference; lastKnownFileType = sourcecode.swift; path = SphericalMath.swift; sourceTree = "<group>"; };
		CBB2567B2F829A9D003C10AE /* CoordinatePipeline.swift */ = {isa = PBXFileReference; lastKnownFileType = sourcecode.swift; path = CoordinatePipeline.swift; sourceTree = "<group>"; };
		CBB2567C2F829A9E003C10AE /* SiderealTime.swift */ = {isa = PBXFileReference; lastKnownFileType = sourcecode.swift; path = SiderealTime.swift; sourceTree = "<group>"; };
		CBB256812F829C21003C10AE /* CoordinateTests.swift */ = {isa = PBXFileReference; fileEncoding = 4; lastKnownFileType = sourcecode.swift; path = CoordinateTests.swift; sourceTree = "<group>"; };
		CBD64B012FA00000003C1001 /* VedicSkyviewController.swift */ = {isa = PBXFileReference; lastKnownFileType = sourcecode.swift; path = VedicSkyviewController.swift; sourceTree = "<group>"; };
		CBD64B022FA00000003C1002 /* LocationHeadingManager.swift */ = {isa = PBXFileReference; lastKnownFileType = sourcecode.swift; path = LocationHeadingManager.swift; sourceTree = "<group>"; };
		CBD63CAB2F8140020024CAF4 /* Vedic Skyview.app */ = {isa = PBXFileReference; explicitFileType = wrapper.application; includeInIndex = 0; path = "Vedic Skyview.app"; sourceTree = BUILT_PRODUCTS_DIR; };
		CBD63CAE2F8140020024CAF4 /* Vedic_SkyviewApp.swift */ = {isa = PBXFileReference; lastKnownFileType = sourcecode.swift; path = Vedic_SkyviewApp.swift; sourceTree = "<group>"; };
		CBD63CB02F8140020024CAF4 /* ContentView.swift */ = {isa = PBXFileReference; lastKnownFileType = sourcecode.swift; path = ContentView.swift; sourceTree = "<group>"; };
		CBD63CB22F8140050024CAF4 /* Assets.xcassets */ = {isa = PBXFileReference; lastKnownFileType = folder.assetcatalog; path = Assets.xcassets; sourceTree = "<group>"; };
		CBD63CB52F8140060024CAF4 /* Preview Assets.xcassets */ = {isa = PBXFileReference; lastKnownFileType = folder.assetcatalog; path = "Preview Assets.xcassets"; sourceTree = "<group>"; };
		CBD63CBB2F8140060024CAF4 /* Vedic SkyviewTests.xctest */ = {isa = PBXFileReference; explicitFileType = wrapper.cfbundle; includeInIndex = 0; path = "Vedic SkyviewTests.xctest"; sourceTree = BUILT_PRODUCTS_DIR; };
		CBD63CBF2F8140060024CAF4 /* Vedic_SkyviewTests.swift */ = {isa = PBXFileReference; lastKnownFileType = sourcecode.swift; path = Vedic_SkyviewTests.swift; sourceTree = "<group>"; };
		CBD63CC52F8140060024CAF4 /* Vedic SkyviewUITests.xctest */ = {isa = PBXFileReference; explicitFileType = wrapper.cfbundle; includeInIndex = 0; path = "Vedic SkyviewUITests.xctest"; sourceTree = BUILT_PRODUCTS_DIR; };
		CBD63CC92F8140060024CAF4 /* Vedic_SkyviewUITests.swift */ = {isa = PBXFileReference; lastKnownFileType = sourcecode.swift; path = Vedic_SkyviewUITests.swift; sourceTree = "<group>"; };
		CBD63CCB2F8140060024CAF4 /* Vedic_SkyviewUITestsLaunchTests.swift */ = {isa = PBXFileReference; lastKnownFileType = sourcecode.swift; path = Vedic_SkyviewUITestsLaunchTests.swift; sourceTree = "<group>"; };
		CBD63CDD2F8143690024CAF4 /* suite_03_misc.c */ = {isa = PBXFileReference; fileEncoding = 4; lastKnownFileType = sourcecode.c.c; path = suite_03_misc.c; sourceTree = "<group>"; };
		CBD63CDE2F8143690024CAF4 /* swewin.h */ = {isa = PBXFileReference; fileEncoding = 4; lastKnownFileType = sourcecode.c.h; path = swewin.h; sourceTree = "<group>"; };
		CBD63CDF2F8143690024CAF4 /* testdata.h */ = {isa = PBXFileReference; fileEncoding = 4; lastKnownFileType = sourcecode.c.h; path = testdata.h; sourceTree = "<group>"; };
		CBD63CE02F8143690024CAF4 /* swemptab.h */ = {isa = PBXFileReference; fileEncoding = 4; lastKnownFileType = sourcecode.c.h; path = swemptab.h; sourceTree = "<group>"; };
		CBD63CE12F8143690024CAF4 /* constants.c */ = {isa = PBXFileReference; fileEncoding = 4; lastKnownFileType = sourcecode.c.c; path = constants.c; sourceTree = "<group>"; };
		CBD63CE22F8143690024CAF4 /* reader.h */ = {isa = PBXFileReference; fileEncoding = 4; lastKnownFileType = sourcecode.c.h; path = reader.h; sourceTree = "<group>"; };
		CBD63CE32F8143690024CAF4 /* swewin64.h */ = {isa = PBXFileReference; fileEncoding = 4; lastKnownFileType = sourcecode.c.h; path = swewin64.h; sourceTree = "<group>"; };
		CBD63CE42F8143690024CAF4 /* testsuite_facade.h */ = {isa = PBXFileReference; fileEncoding = 4; lastKnownFileType = sourcecode.c.h; path = testsuite_facade.h; sourceTree = "<group>"; };
		CBD63CE52F8143690024CAF4 /* swemmoon.c */ = {isa = PBXFileReference; fileEncoding = 4; lastKnownFileType = sourcecode.c.c; path = swemmoon.c; sourceTree = "<group>"; };
		CBD63CE62F8143690024CAF4 /* suite_06_houses.c */ = {isa = PBXFileReference; fileEncoding = 4; lastKnownFileType = sourcecode.c.c; path = suite_06_houses.c; sourceTree = "<group>"; };
		CBD63CE72F8143690024CAF4 /* swevents.h */ = {isa = PBXFileReference; fileEncoding = 4; lastKnownFileType = sourcecode.c.h; path = swevents.h; sourceTree = "<group>"; };
		CBD63CE82F8143690024CAF4 /* sweephe4.c */ = {isa = PBXFileReference; fileEncoding = 4; lastKnownFileType = sourcecode.c.c; path = sweephe4.c; sourceTree = "<group>"; };
		CBD63CE92F8143690024CAF4 /* globals_suite.c */ = {isa = PBXFileReference; fileEncoding = 4; lastKnownFileType = sourcecode.c.c; path = globals_suite.c; sourceTree = "<group>"; };
		CBD63CEA2F8143690024CAF4 /* swehouse.h */ = {isa = PBXFileReference; fileEncoding = 4; lastKnownFileType = sourcecode.c.h; path = swehouse.h; sourceTree = "<group>"; };
		CBD63CEB2F8143690024CAF4 /* swephexp.h */ = {isa = PBXFileReference; fileEncoding = 4; lastKnownFileType = sourcecode.c.h; path = swephexp.h; sourceTree = "<group>"; };
		CBD63CEC2F8143690024CAF4 /* setest.h */ = {isa = PBXFileReference; fileEncoding = 4; lastKnownFileType = sourcecode.c.h; path = setest.h; sourceTree = "<group>"; };
		CBD63CED2F8143690024CAF4 /* sweph.h */ = {isa = PBXFileReference; fileEncoding = 4; lastKnownFileType = sourcecode.c.h; path = sweph.h; sourceTree = "<group>"; };
		CBD63CEE2F8143690024CAF4 /* swedate.h */ = {isa = PBXFileReference; fileEncoding = 4; lastKnownFileType = sourcecode.c.h; path = swedate.h; sourceTree = "<group>"; };
		CBD63CEF2F8143690024CAF4 /* swehel.c */ = {isa = PBXFileReference; fileEncoding = 4; lastKnownFileType = sourcecode.c.c; path = swehel.c; sourceTree = "<group>"; };
		CBD63CF02F8143690024CAF4 /* checkpoints.h */ = {isa = PBXFileReference; fileEncoding = 4; lastKnownFileType = sourcecode.c.h; path = checkpoints.h; sourceTree = "<group>"; };
		CBD63CF12F8143690024CAF4 /* swejpl.h */ = {isa = PBXFileReference; fileEncoding = 4; lastKnownFileType = sourcecode.c.h; path = swejpl.h; sourceTree = "<group>"; };
		CBD63CF22F8143690024CAF4 /* multivalues.h */ = {isa = PBXFileReference; fileEncoding = 4; lastKnownFileType = sourcecode.c.h; path = multivalues.h; sourceTree = "<group>"; };
		CBD63CF32F8143690024CAF4 /* suite_05_date_time.c */ = {isa = PBXFileReference; fileEncoding = 4; lastKnownFileType = sourcecode.c.c; path = suite_05_date_time.c; sourceTree = "<group>"; };
		CBD63CF42F8143690024CAF4 /* globals.h */ = {isa = PBXFileReference; fileEncoding = 4; lastKnownFileType = sourcecode.c.h; path = globals.h; sourceTree = "<group>"; };
		CBD63CF52F8143690024CAF4 /* swephlib.h */ = {isa = PBXFileReference; fileEncoding = 4; lastKnownFileType = sourcecode.c.h; path = swephlib.h; sourceTree = "<group>"; };
		CBD63CF62F8143690024CAF4 /* swewin64.c */ = {isa = PBXFileReference; fileEncoding = 4; lastKnownFileType = sourcecode.c.c; path = swewin64.c; sourceTree = "<group>"; };
		CBD63CF72F8143690024CAF4 /* suite_09_rise.c */ = {isa = PBXFileReference; fileEncoding = 4; lastKnownFileType = sourcecode.c.c; path = suite_09_rise.c; sourceTree = "<group>"; };
		CBD63CF82F8143690024CAF4 /* reader.c */ = {isa = PBXFileReference; fileEncoding = 4; lastKnownFileType = sourcecode.c.c; path = reader.c; sourceTree = "<group>"; };
		CBD63CF92F8143690024CAF4 /* testdata.c */ = {isa = PBXFileReference; fileEncoding = 4; lastKnownFileType = sourcecode.c.c; path = testdata.c; sourceTree = "<group>"; };
		CBD63CFA2F8143690024CAF4 /* swewin.c */ = {isa = PBXFileReference; fileEncoding = 4; lastKnownFileType = sourcecode.c.c; path = swewin.c; sourceTree = "<group>"; };
		CBD63CFB2F8143690024CAF4 /* swephgen4.c */ = {isa = PBXFileReference; fileEncoding = 4; lastKnownFileType = sourcecode.c.c; path = swephgen4.c; sourceTree = "<group>"; };
		CBD63CFC2F8143690024CAF4 /* suite_02_fixstar.c */ = {isa = PBXFileReference; fileEncoding = 4; lastKnownFileType = sourcecode.c.c; path = suite_02_fixstar.c; sourceTree = "<group>"; };
		CBD63CFD2F8143690024CAF4 /* swedll.h */ = {isa = PBXFileReference; fileEncoding = 4; lastKnownFileType = sourcecode.c.h; path = swedll.h; sourceTree = "<group>"; };
		CBD63CFE2F8143690024CAF4 /* swehouse.c */ = {isa = PBXFileReference; fileEncoding = 4; lastKnownFileType = sourcecode.c.c; path = swehouse.c; sourceTree = "<group>"; };
		CBD63CFF2F8143690024CAF4 /* swecl.c */ = {isa = PBXFileReference; fileEncoding = 4; lastKnownFileType = sourcecode.c.c; path = swecl.c; sourceTree = "<group>"; };
		CBD63D002F8143690024CAF4 /* suite_10_solcross.c */ = {isa = PBXFileReference; fileEncoding = 4; lastKnownFileType = sourcecode.c.c; path = suite_10_solcross.c; sourceTree = "<group>"; };
		CBD63D012F8143690024CAF4 /* sweephe4.h */ = {isa = PBXFileReference; fileEncoding = 4; lastKnownFileType = sourcecode.c.h; path = sweephe4.h; sourceTree = "<group>"; };
		CBD63D022F8143690024CAF4 /* resource.h */ = {isa = PBXFileReference; fileEncoding = 4; lastKnownFileType = sourcecode.c.h; path = resource.h; sourceTree = "<group>"; };
		CBD63D032F8143690024CAF4 /* swenut2000a.h */ = {isa = PBXFileReference; fileEncoding = 4; lastKnownFileType = sourcecode.c.h; path = swenut2000a.h; sourceTree = "<group>"; };
		CBD63D042F8143690024CAF4 /* swevents.c */ = {isa = PBXFileReference; fileEncoding = 4; lastKnownFileType = sourcecode.c.c; path = swevents.c; sourceTree = "<group>"; };
		CBD63D052F8143690024CAF4 /* suite_04_ayanamsa.c */ = {isa = PBXFileReference; fileEncoding = 4; lastKnownFileType = sourcecode.c.c; path = suite_04_ayanamsa.c; sourceTree = "<group>"; };
		CBD63D062F8143690024CAF4 /* sweph.c */ = {isa = PBXFileReference; fileEncoding = 4; lastKnownFileType = sourcecode.c.c; path = sweph.c; sourceTree = "<group>"; };
		CBD63D072F8143690024CAF4 /* swedate.c */ = {isa = PBXFileReference; fileEncoding = 4; lastKnownFileType = sourcecode.c.c; path = swedate.c; sourceTree = "<group>"; };
		CBD63D082F8143690024CAF4 /* swetest.c */ = {isa = PBXFileReference; fileEncoding = 4; lastKnownFileType = sourcecode.c.c; path = swetest.c; sourceTree = "<group>"; };
		CBD63D092F8143690024CAF4 /* suite_08_eclipses.c */ = {isa = PBXFileReference; fileEncoding = 4; lastKnownFileType = sourcecode.c.c; path = suite_08_eclipses.c; sourceTree = "<group>"; };
		CBD63D0A2F8143690024CAF4 /* suite_01_calc.c */ = {isa = PBXFileReference; fileEncoding = 4; lastKnownFileType = sourcecode.c.c; path = suite_01_calc.c; sourceTree = "<group>"; };
		CBD63D0B2F8143690024CAF4 /* setest.c */ = {isa = PBXFileReference; fileEncoding = 4; lastKnownFileType = sourcecode.c.c; path = setest.c; sourceTree = "<group>"; };
		CBD63D0C2F8143690024CAF4 /* swemplan.c */ = {isa = PBXFileReference; fileEncoding = 4; lastKnownFileType = sourcecode.c.c; path = swemplan.c; sourceTree = "<group>"; };
		CBD63D0D2F8143690024CAF4 /* swephlib.c */ = {isa = PBXFileReference; fileEncoding = 4; lastKnownFileType = sourcecode.c.c; path = swephlib.c; sourceTree = "<group>"; };
		CBD63D0E2F8143690024CAF4 /* suite_07_apsides.c */ = {isa = PBXFileReference; fileEncoding = 4; lastKnownFileType = sourcecode.c.c; path = suite_07_apsides.c; sourceTree = "<group>"; };
		CBD63D0F2F8143690024CAF4 /* obama.c */ = {isa = PBXFileReference; fileEncoding = 4; lastKnownFileType = sourcecode.c.c; path = obama.c; sourceTree = "<group>"; };
		CBD63D102F8143690024CAF4 /* globals.c */ = {isa = PBXFileReference; fileEncoding = 4; lastKnownFileType = sourcecode.c.c; path = globals.c; sourceTree = "<group>"; };
		CBD63D112F8143690024CAF4 /* testsuite_final.h */ = {isa = PBXFileReference; fileEncoding = 4; lastKnownFileType = sourcecode.c.h; path = testsuite_final.h; sourceTree = "<group>"; };
		CBD63D122F8143690024CAF4 /* swejpl.c */ = {isa = PBXFileReference; fileEncoding = 4; lastKnownFileType = sourcecode.c.c; path = swejpl.c; sourceTree = "<group>"; };
		CBD63D132F8143690024CAF4 /* multivalues.c */ = {isa = PBXFileReference; fileEncoding = 4; lastKnownFileType = sourcecode.c.c; path = multivalues.c; sourceTree = "<group>"; };
		CBD63D142F8143690024CAF4 /* sweodef.h */ = {isa = PBXFileReference; fileEncoding = 4; lastKnownFileType = sourcecode.c.h; path = sweodef.h; sourceTree = "<group>"; };
		CBD63D152F8143690024CAF4 /* checkpoints.c */ = {isa = PBXFileReference; fileEncoding = 4; lastKnownFileType = sourcecode.c.c; path = checkpoints.c; sourceTree = "<group>"; };
		CBD63D162F8143690024CAF4 /* swemini.c */ = {isa = PBXFileReference; fileEncoding = 4; lastKnownFileType = sourcecode.c.c; path = swemini.c; sourceTree = "<group>"; };
		CBD63D3B2F8143CF0024CAF4 /* EphemerisEngine.swift */ = {isa = PBXFileReference; fileEncoding = 4; lastKnownFileType = sourcecode.swift; path = EphemerisEngine.swift; sourceTree = "<group>"; };
		CBD63DBC2F8144050024CAF4 /* seorbel.txt */ = {isa = PBXFileReference; fileEncoding = 4; lastKnownFileType = text; path = seorbel.txt; sourceTree = "<group>"; };
		CBD63DCE2F8144050024CAF4 /* sepl_18.se1 */ = {isa = PBXFileReference; lastKnownFileType = file; path = sepl_18.se1; sourceTree = "<group>"; };
		CBD63E2E2F8144060024CAF4 /* semo_18.se1 */ = {isa = PBXFileReference; lastKnownFileType = file; path = semo_18.se1; sourceTree = "<group>"; };
		CBD63E3E2F8144060024CAF4 /* sefstars.txt */ = {isa = PBXFileReference; fileEncoding = 4; lastKnownFileType = text; path = sefstars.txt; sourceTree = "<group>"; };
		CBD63F492F8144280024CAF4 /* EphemerisTests.swift */ = {isa = PBXFileReference; fileEncoding = 4; lastKnownFileType = sourcecode.swift; path = EphemerisTests.swift; sourceTree = "<group>"; };
		CBD63F4C2F8144280024CAF4 /* graha_fixtures.json */ = {isa = PBXFileReference; fileEncoding = 4; lastKnownFileType = text.json; path = graha_fixtures.json; sourceTree = "<group>"; };
		CBD63F512F81463E0024CAF4 /* XCTest.framework */ = {isa = PBXFileReference; lastKnownFileType = wrapper.framework; name = XCTest.framework; path = Platforms/iPhoneOS.platform/Developer/Library/Frameworks/XCTest.framework; sourceTree = DEVELOPER_DIR; };
		CBF642272F8158500097D194 /* VedicSkyview-Bridging-Header.h */ = {isa = PBXFileReference; fileEncoding = 4; lastKnownFileType = sourcecode.c.h; path = "VedicSkyview-Bridging-Header.h"; sourceTree = "<group>"; };
/* End PBXFileReference section */

/* Begin PBXFrameworksBuildPhase section */
		CBD63CA82F8140020024CAF4 /* Frameworks */ = {
			isa = PBXFrameworksBuildPhase;
			buildActionMask = 2147483647;
			files = (
			);
			runOnlyForDeploymentPostprocessing = 0;
		};
		CBD63CB82F8140060024CAF4 /* Frameworks */ = {
			isa = PBXFrameworksBuildPhase;
			buildActionMask = 2147483647;
			files = (
				CBD63F522F81463E0024CAF4 /* XCTest.framework in Frameworks */,
			);
			runOnlyForDeploymentPostprocessing = 0;
		};
		CBD63CC22F8140060024CAF4 /* Frameworks */ = {
			isa = PBXFrameworksBuildPhase;
			buildActionMask = 2147483647;
			files = (
			);
			runOnlyForDeploymentPostprocessing = 0;
		};
/* End PBXFrameworksBuildPhase section */

/* Begin PBXGroup section */
		CBB256802F829B8F003C10AE /* Coordinates */ = {
			isa = PBXGroup;
			children = (
				CBB2567B2F829A9D003C10AE /* CoordinatePipeline.swift */,
				CBB2567C2F829A9E003C10AE /* SiderealTime.swift */,
				CBB2567A2F829A9C003C10AE /* SphericalMath.swift */,
			);
			path = Coordinates;
			sourceTree = "<group>";
		};
		CBB256832F829CFD003C10AE /* CoordinateTests */ = {
			isa = PBXGroup;
			children = (
				CBB256812F829C21003C10AE /* CoordinateTests.swift */,
			);
			path = CoordinateTests;
			sourceTree = "<group>";
		};
		CBD63CA22F8140020024CAF4 = {
			isa = PBXGroup;
			children = (
				CBB256802F829B8F003C10AE /* Coordinates */,
				CBD64B052FA00000003C1005 /* AR */,
				CBD64B062FA00000003C1006 /* Sensors */,
				CBF642272F8158500097D194 /* VedicSkyview-Bridging-Header.h */,
				CBD63D3D2F8144050024CAF4 /* Resources */,
				CBD63D3A2F8143CF0024CAF4 /* Ephemeris */,
				CBD63CDA2F8143690024CAF4 /* Source */,
				CBD63CAD2F8140020024CAF4 /* Vedic Skyview */,
				CBD63CBE2F8140060024CAF4 /* Vedic SkyviewTests */,
				CBD63CC82F8140060024CAF4 /* Vedic SkyviewUITests */,
				CBD63CAC2F8140020024CAF4 /* Products */,
				CBD63F502F81463D0024CAF4 /* Frameworks */,
			);
			sourceTree = "<group>";
		};
		CBD63CAC2F8140020024CAF4 /* Products */ = {
			isa = PBXGroup;
			children = (
				CBD63CAB2F8140020024CAF4 /* Vedic Skyview.app */,
				CBD63CBB2F8140060024CAF4 /* Vedic SkyviewTests.xctest */,
				CBD63CC52F8140060024CAF4 /* Vedic SkyviewUITests.xctest */,
			);
			name = Products;
			sourceTree = "<group>";
		};
		CBD63CAD2F8140020024CAF4 /* Vedic Skyview */ = {
			isa = PBXGroup;
			children = (
				CBD63CAE2F8140020024CAF4 /* Vedic_SkyviewApp.swift */,
				CBD63CB02F8140020024CAF4 /* ContentView.swift */,
				CBD63CB22F8140050024CAF4 /* Assets.xcassets */,
				CBD63CB42F8140060024CAF4 /* Preview Content */,
			);
			path = "Vedic Skyview";
			sourceTree = "<group>";
		};
		CBD63CB42F8140060024CAF4 /* Preview Content */ = {
			isa = PBXGroup;
			children = (
				CBD63CB52F8140060024CAF4 /* Preview Assets.xcassets */,
			);
			path = "Preview Content";
			sourceTree = "<group>";
		};
		CBD63CBE2F8140060024CAF4 /* Vedic SkyviewTests */ = {
			isa = PBXGroup;
			children = (
				CBD63F482F8144280024CAF4 /* EphemerisTests */,
				CBB256832F829CFD003C10AE /* CoordinateTests */,
				CBD63CBF2F8140060024CAF4 /* Vedic_SkyviewTests.swift */,
			);
			path = "Vedic SkyviewTests";
			sourceTree = "<group>";
		};
		CBD63CC82F8140060024CAF4 /* Vedic SkyviewUITests */ = {
			isa = PBXGroup;
			children = (
				CBD63CC92F8140060024CAF4 /* Vedic_SkyviewUITests.swift */,
				CBD63CCB2F8140060024CAF4 /* Vedic_SkyviewUITestsLaunchTests.swift */,
			);
			path = "Vedic SkyviewUITests";
			sourceTree = "<group>";
		};
		CBD63CDA2F8143690024CAF4 /* Source */ = {
			isa = PBXGroup;
			children = (
				CBD63CDB2F8143690024CAF4 /* ThirdParty */,
			);
			name = Source;
			path = Source;
			sourceTree = "<group>";
		};
		CBD63CDB2F8143690024CAF4 /* ThirdParty */ = {
			isa = PBXGroup;
			children = (
				CBD63CDC2F8143690024CAF4 /* swisseph */,
			);
			path = ThirdParty;
			sourceTree = "<group>";
		};
		CBD63CDC2F8143690024CAF4 /* swisseph */ = {
			isa = PBXGroup;
			children = (
				CBD63CDD2F8143690024CAF4 /* suite_03_misc.c */,
				CBD63CDE2F8143690024CAF4 /* swewin.h */,
				CBD63CDF2F8143690024CAF4 /* testdata.h */,
				CBD63CE02F8143690024CAF4 /* swemptab.h */,
				CBD63CE12F8143690024CAF4 /* constants.c */,
				CBD63CE22F8143690024CAF4 /* reader.h */,
				CBD63CE32F8143690024CAF4 /* swewin64.h */,
				CBD63CE42F8143690024CAF4 /* testsuite_facade.h */,
				CBD63CE52F8143690024CAF4 /* swemmoon.c */,
				CBD63CE62F8143690024CAF4 /* suite_06_houses.c */,
				CBD63CE72F8143690024CAF4 /* swevents.h */,
				CBD63CE82F8143690024CAF4 /* sweephe4.c */,
				CBD63CE92F8143690024CAF4 /* globals_suite.c */,
				CBD63CEA2F8143690024CAF4 /* swehouse.h */,
				CBD63CEB2F8143690024CAF4 /* swephexp.h */,
				CBD63CEC2F8143690024CAF4 /* setest.h */,
				CBD63CED2F8143690024CAF4 /* sweph.h */,
				CBD63CEE2F8143690024CAF4 /* swedate.h */,
				CBD63CEF2F8143690024CAF4 /* swehel.c */,
				CBD63CF02F8143690024CAF4 /* checkpoints.h */,
				CBD63CF12F8143690024CAF4 /* swejpl.h */,
				CBD63CF22F8143690024CAF4 /* multivalues.h */,
				CBD63CF32F8143690024CAF4 /* suite_05_date_time.c */,
				CBD63CF42F8143690024CAF4 /* globals.h */,
				CBD63CF52F8143690024CAF4 /* swephlib.h */,
				CBD63CF62F8143690024CAF4 /* swewin64.c */,
				CBD63CF72F8143690024CAF4 /* suite_09_rise.c */,
				CBD63CF82F8143690024CAF4 /* reader.c */,
				CBD63CF92F8143690024CAF4 /* testdata.c */,
				CBD63CFA2F8143690024CAF4 /* swewin.c */,
				CBD63CFB2F8143690024CAF4 /* swephgen4.c */,
				CBD63CFC2F8143690024CAF4 /* suite_02_fixstar.c */,
				CBD63CFD2F8143690024CAF4 /* swedll.h */,
				CBD63CFE2F8143690024CAF4 /* swehouse.c */,
				CBD63CFF2F8143690024CAF4 /* swecl.c */,
				CBD63D002F8143690024CAF4 /* suite_10_solcross.c */,
				CBD63D012F8143690024CAF4 /* sweephe4.h */,
				CBD63D022F8143690024CAF4 /* resource.h */,
				CBD63D032F8143690024CAF4 /* swenut2000a.h */,
				CBD63D042F8143690024CAF4 /* swevents.c */,
				CBD63D052F8143690024CAF4 /* suite_04_ayanamsa.c */,
				CBD63D062F8143690024CAF4 /* sweph.c */,
				CBD63D072F8143690024CAF4 /* swedate.c */,
				CBD63D082F8143690024CAF4 /* swetest.c */,
				CBD63D092F8143690024CAF4 /* suite_08_eclipses.c */,
				CBD63D0A2F8143690024CAF4 /* suite_01_calc.c */,
				CBD63D0B2F8143690024CAF4 /* setest.c */,
				CBD63D0C2F8143690024CAF4 /* swemplan.c */,
				CBD63D0D2F8143690024CAF4 /* swephlib.c */,
				CBD63D0E2F8143690024CAF4 /* suite_07_apsides.c */,
				CBD63D0F2F8143690024CAF4 /* obama.c */,
				CBD63D102F8143690024CAF4 /* globals.c */,
				CBD63D112F8143690024CAF4 /* testsuite_final.h */,
				CBD63D122F8143690024CAF4 /* swejpl.c */,
				CBD63D132F8143690024CAF4 /* multivalues.c */,
				CBD63D142F8143690024CAF4 /* sweodef.h */,
				CBD63D152F8143690024CAF4 /* checkpoints.c */,
				CBD63D162F8143690024CAF4 /* swemini.c */,
			);
			path = swisseph;
			sourceTree = "<group>";
		};
		CBD63D3A2F8143CF0024CAF4 /* Ephemeris */ = {
			isa = PBXGroup;
			children = (
				CBD63D3B2F8143CF0024CAF4 /* EphemerisEngine.swift */,
			);
			name = Ephemeris;
			path = Ephemeris;
			sourceTree = "<group>";
		};
		CBD64B052FA00000003C1005 /* AR */ = {
			isa = PBXGroup;
			children = (
				CBD64B012FA00000003C1001 /* VedicSkyviewController.swift */,
			);
			name = AR;
			path = AR;
			sourceTree = "<group>";
		};
		CBD64B062FA00000003C1006 /* Sensors */ = {
			isa = PBXGroup;
			children = (
				CBD64B022FA00000003C1002 /* LocationHeadingManager.swift */,
			);
			name = Sensors;
			path = Sensors;
			sourceTree = "<group>";
		};
		CBD63D3D2F8144050024CAF4 /* Resources */ = {
			isa = PBXGroup;
			children = (
				CBD63D3E2F8144050024CAF4 /* ephemeris */,
			);
			name = Resources;
			path = Resources;
			sourceTree = "<group>";
		};
		CBD63D3E2F8144050024CAF4 /* ephemeris */ = {
			isa = PBXGroup;
			children = (
				CBD63DBC2F8144050024CAF4 /* seorbel.txt */,
				CBD63DCE2F8144050024CAF4 /* sepl_18.se1 */,
				CBD63E2E2F8144060024CAF4 /* semo_18.se1 */,
				CBD63E3E2F8144060024CAF4 /* sefstars.txt */,
			);
			path = ephemeris;
			sourceTree = "<group>";
		};
		CBD63F482F8144280024CAF4 /* EphemerisTests */ = {
			isa = PBXGroup;
			children = (
				CBD63F492F8144280024CAF4 /* EphemerisTests.swift */,
				CBD63F4C2F8144280024CAF4 /* graha_fixtures.json */,
			);
			path = EphemerisTests;
			sourceTree = "<group>";
		};
		CBD63F502F81463D0024CAF4 /* Frameworks */ = {
			isa = PBXGroup;
			children = (
				CBD63F512F81463E0024CAF4 /* XCTest.framework */,
			);
			name = Frameworks;
			sourceTree = "<group>";
		};
/* End PBXGroup section */

/* Begin PBXNativeTarget section */
		CBD63CAA2F8140020024CAF4 /* Vedic Skyview */ = {
			isa = PBXNativeTarget;
			buildConfigurationList = CBD63CCF2F8140060024CAF4 /* Build configuration list for PBXNativeTarget "Vedic Skyview" */;
			buildPhases = (
				CBD63CA72F8140020024CAF4 /* Sources */,
				CBD63CA82F8140020024CAF4 /* Frameworks */,
				CBD63CA92F8140020024CAF4 /* Resources */,
			);
			buildRules = (
			);
			dependencies = (
			);
			name = "Vedic Skyview";
			productName = "Vedic Skyview";
			productReference = CBD63CAB2F8140020024CAF4 /* Vedic Skyview.app */;
			productType = "com.apple.product-type.application";
		};
		CBD63CBA2F8140060024CAF4 /* Vedic SkyviewTests */ = {
			isa = PBXNativeTarget;
			buildConfigurationList = CBD63CD22F8140060024CAF4 /* Build configuration list for PBXNativeTarget "Vedic SkyviewTests" */;
			buildPhases = (
				CBD63CB72F8140060024CAF4 /* Sources */,
				CBD63CB82F8140060024CAF4 /* Frameworks */,
				CBD63CB92F8140060024CAF4 /* Resources */,
			);
			buildRules = (
			);
			dependencies = (
				CBD63CBD2F8140060024CAF4 /* PBXTargetDependency */,
			);
			name = "Vedic SkyviewTests";
			productName = "Vedic SkyviewTests";
			productReference = CBD63CBB2F8140060024CAF4 /* Vedic SkyviewTests.xctest */;
			productType = "com.apple.product-type.bundle.unit-test";
		};
		CBD63CC42F8140060024CAF4 /* Vedic SkyviewUITests */ = {
			isa = PBXNativeTarget;
			buildConfigurationList = CBD63CD52F8140060024CAF4 /* Build configuration list for PBXNativeTarget "Vedic SkyviewUITests" */;
			buildPhases = (
				CBD63CC12F8140060024CAF4 /* Sources */,
				CBD63CC22F8140060024CAF4 /* Frameworks */,
				CBD63CC32F8140060024CAF4 /* Resources */,
			);
			buildRules = (
			);
			dependencies = (
				CBD63CC72F8140060024CAF4 /* PBXTargetDependency */,
			);
			name = "Vedic SkyviewUITests";
			productName = "Vedic SkyviewUITests";
			productReference = CBD63CC52F8140060024CAF4 /* Vedic SkyviewUITests.xctest */;
			productType = "com.apple.product-type.bundle.ui-testing";
		};
/* End PBXNativeTarget section */

/* Begin PBXProject section */
		CBD63CA32F8140020024CAF4 /* Project object */ = {
			isa = PBXProject;
			attributes = {
				BuildIndependentTargetsInParallel = 1;
				LastSwiftUpdateCheck = 1420;
				LastUpgradeCheck = 1420;
				TargetAttributes = {
					CBD63CAA2F8140020024CAF4 = {
						CreatedOnToolsVersion = 14.2;
					};
					CBD63CBA2F8140060024CAF4 = {
						CreatedOnToolsVersion = 14.2;
						TestTargetID = CBD63CAA2F8140020024CAF4;
					};
					CBD63CC42F8140060024CAF4 = {
						CreatedOnToolsVersion = 14.2;
						TestTargetID = CBD63CAA2F8140020024CAF4;
					};
				};
			};
			buildConfigurationList = CBD63CA62F8140020024CAF4 /* Build configuration list for PBXProject "Vedic Skyview" */;
			compatibilityVersion = "Xcode 14.0";
			developmentRegion = en;
			hasScannedForEncodings = 0;
			knownRegions = (
				en,
				Base,
			);
			mainGroup = CBD63CA22F8140020024CAF4;
			productRefGroup = CBD63CAC2F8140020024CAF4 /* Products */;
			projectDirPath = "";
			projectRoot = "";
			targets = (
				CBD63CAA2F8140020024CAF4 /* Vedic Skyview */,
				CBD63CBA2F8140060024CAF4 /* Vedic SkyviewTests */,
				CBD63CC42F8140060024CAF4 /* Vedic SkyviewUITests */,
			);
		};
/* End PBXProject section */

/* Begin PBXResourcesBuildPhase section */
		CBD63CA92F8140020024CAF4 /* Resources */ = {
			isa = PBXResourcesBuildPhase;
			buildActionMask = 2147483647;
			files = (
				CBD63F412F8144060024CAF4 /* sefstars.txt in Resources */,
				CBD63CB62F8140060024CAF4 /* Preview Assets.xcassets in Resources */,
				CBD63CB32F8140050024CAF4 /* Assets.xcassets in Resources */,
				CBD63F312F8144060024CAF4 /* semo_18.se1 in Resources */,
				CBD63ED22F8144060024CAF4 /* sepl_18.se1 in Resources */,
				CBD63EC02F8144060024CAF4 /* seorbel.txt in Resources */,
			);
			runOnlyForDeploymentPostprocessing = 0;
		};
		CBD63CB92F8140060024CAF4 /* Resources */ = {
			isa = PBXResourcesBuildPhase;
			buildActionMask = 2147483647;
			files = (
				CBD63F4F2F8144280024CAF4 /* graha_fixtures.json in Resources */,
			);
			runOnlyForDeploymentPostprocessing = 0;
		};
		CBD63CC32F8140060024CAF4 /* Resources */ = {
			isa = PBXResourcesBuildPhase;
			buildActionMask = 2147483647;
			files = (
			);
			runOnlyForDeploymentPostprocessing = 0;
		};
/* End PBXResourcesBuildPhase section */

/* Begin PBXSourcesBuildPhase section */
		CBD63CA72F8140020024CAF4 /* Sources */ = {
			isa = PBXSourcesBuildPhase;
			buildActionMask = 2147483647;
			files = (
				CBD63D192F8143690024CAF4 /* swemmoon.c in Sources */,
				CBD63D3C2F8143CF0024CAF4 /* EphemerisEngine.swift in Sources */,
				CBD63D322F81436A0024CAF4 /* swephlib.c in Sources */,
				CBD63D262F8143690024CAF4 /* swehouse.c in Sources */,
				CBD63D1D2F8143690024CAF4 /* swehel.c in Sources */,
				CBD63D2C2F81436A0024CAF4 /* swedate.c in Sources */,
				CBD63D272F8143690024CAF4 /* swecl.c in Sources */,
				CBD63D352F81436A0024CAF4 /* globals.c in Sources */,
				CBD63CB12F8140020024CAF4 /* ContentView.swift in Sources */,
				CBD63D182F8143690024CAF4 /* constants.c in Sources */,
				CBD63D2B2F81436A0024CAF4 /* sweph.c in Sources */,
				CBD63D362F81436A0024CAF4 /* swejpl.c in Sources */,
				CBD63D1B2F8143690024CAF4 /* sweephe4.c in Sources */,
				CBD63CAF2F8140020024CAF4 /* Vedic_SkyviewApp.swift in Sources */,
				CBD63D312F81436A0024CAF4 /* swemplan.c in Sources */,
				CBD63D212F8143690024CAF4 /* reader.c in Sources */,
				CBB256902F829C22003C10AE /* SphericalMath.swift in Sources */,
				CBB256912F829C22003C10AE /* SiderealTime.swift in Sources */,
				CBB256922F829C22003C10AE /* CoordinatePipeline.swift in Sources */,
				CBD64B032FA00000003C1003 /* VedicSkyviewController.swift in Sources */,
				CBD64B042FA00000003C1004 /* LocationHeadingManager.swift in Sources */,
			);
			runOnlyForDeploymentPostprocessing = 0;
		};
		CBD63CB72F8140060024CAF4 /* Sources */ = {
			isa = PBXSourcesBuildPhase;
			buildActionMask = 2147483647;
			files = (
				CBD63F542F814E9A0024CAF4 /* EphemerisTests.swift in Sources */,
				CBD63F532F814D280024CAF4 /* EphemerisEngine.swift in Sources */,
				CBD63CC02F8140060024CAF4 /* Vedic_SkyviewTests.swift in Sources */,
				CBB256822F829C22003C10AE /* CoordinateTests.swift in Sources */,
			);
			runOnlyForDeploymentPostprocessing = 0;
		};
		CBD63CC12F8140060024CAF4 /* Sources */ = {
			isa = PBXSourcesBuildPhase;
			buildActionMask = 2147483647;
			files = (
				CBD63CCA2F8140060024CAF4 /* Vedic_SkyviewUITests.swift in Sources */,
				CBD63CCC2F8140060024CAF4 /* Vedic_SkyviewUITestsLaunchTests.swift in Sources */,
			);
			runOnlyForDeploymentPostprocessing = 0;
		};
/* End PBXSourcesBuildPhase section */

/* Begin PBXTargetDependency section */
		CBD63CBD2F8140060024CAF4 /* PBXTargetDependency */ = {
			isa = PBXTargetDependency;
			target = CBD63CAA2F8140020024CAF4 /* Vedic Skyview */;
			targetProxy = CBD63CBC2F8140060024CAF4 /* PBXContainerItemProxy */;
		};
		CBD63CC72F8140060024CAF4 /* PBXTargetDependency */ = {
			isa = PBXTargetDependency;
			target = CBD63CAA2F8140020024CAF4 /* Vedic Skyview */;
			targetProxy = CBD63CC62F8140060024CAF4 /* PBXContainerItemProxy */;
		};
/* End PBXTargetDependency section */

/* Begin XCBuildConfiguration section */
		CBD63CCD2F8140060024CAF4 /* Debug */ = {
			isa = XCBuildConfiguration;
			buildSettings = {
				ALWAYS_SEARCH_USER_PATHS = NO;
				CLANG_ANALYZER_NONNULL = YES;
				CLANG_ANALYZER_NUMBER_OBJECT_CONVERSION = YES_AGGRESSIVE;
				CLANG_CXX_LANGUAGE_STANDARD = "gnu++20";
				CLANG_ENABLE_MODULES = YES;
				CLANG_ENABLE_OBJC_ARC = YES;
				CLANG_ENABLE_OBJC_WEAK = YES;
				CLANG_WARN_BLOCK_CAPTURE_AUTORELEASING = YES;
				CLANG_WARN_BOOL_CONVERSION = YES;
				CLANG_WARN_COMMA = YES;
				CLANG_WARN_CONSTANT_CONVERSION = YES;
				CLANG_WARN_DEPRECATED_OBJC_IMPLEMENTATIONS = YES;
				CLANG_WARN_DIRECT_OBJC_ISA_USAGE = YES_ERROR;
				CLANG_WARN_DOCUMENTATION_COMMENTS = YES;
				CLANG_WARN_EMPTY_BODY = YES;
				CLANG_WARN_ENUM_CONVERSION = YES;
				CLANG_WARN_INFINITE_RECURSION = YES;
				CLANG_WARN_INT_CONVERSION = YES;
				CLANG_WARN_NON_LITERAL_NULL_CONVERSION = YES;
				CLANG_WARN_OBJC_IMPLICIT_RETAIN_SELF = YES;
				CLANG_WARN_OBJC_LITERAL_CONVERSION = YES;
				CLANG_WARN_OBJC_ROOT_CLASS = YES_ERROR;
				CLANG_WARN_QUOTED_INCLUDE_IN_FRAMEWORK_HEADER = YES;
				CLANG_WARN_RANGE_LOOP_ANALYSIS = YES;
				CLANG_WARN_STRICT_PROTOTYPES = YES;
				CLANG_WARN_SUSPICIOUS_MOVE = YES;
				CLANG_WARN_UNGUARDED_AVAILABILITY = YES_AGGRESSIVE;
				CLANG_WARN_UNREACHABLE_CODE = YES;
				CLANG_WARN__DUPLICATE_METHOD_MATCH = YES;
				COPY_PHASE_STRIP = NO;
				DEBUG_INFORMATION_FORMAT = dwarf;
				ENABLE_STRICT_OBJC_MSGSEND = YES;
				ENABLE_TESTABILITY = YES;
				GCC_C_LANGUAGE_STANDARD = gnu11;
				GCC_DYNAMIC_NO_PIC = NO;
				GCC_NO_COMMON_BLOCKS = YES;
				GCC_OPTIMIZATION_LEVEL = 0;
				GCC_PREPROCESSOR_DEFINITIONS = (
					"DEBUG=1",
					"$(inherited)",
				);
				GCC_WARN_64_TO_32_BIT_CONVERSION = YES;
				GCC_WARN_ABOUT_RETURN_TYPE = YES_ERROR;
				GCC_WARN_UNDECLARED_SELECTOR = YES;
				GCC_WARN_UNINITIALIZED_AUTOS = YES_AGGRESSIVE;
				GCC_WARN_UNUSED_FUNCTION = YES;
				GCC_WARN_UNUSED_VARIABLE = YES;
				IPHONEOS_DEPLOYMENT_TARGET = 16.2;
				MTL_ENABLE_DEBUG_INFO = INCLUDE_SOURCE;
				MTL_FAST_MATH = YES;
				ONLY_ACTIVE_ARCH = YES;
				SDKROOT = iphoneos;
				SWIFT_ACTIVE_COMPILATION_CONDITIONS = DEBUG;
				SWIFT_OPTIMIZATION_LEVEL = "-Onone";
			};
			name = Debug;
		};
		CBD63CCE2F8140060024CAF4 /* Release */ = {
			isa = XCBuildConfiguration;
			buildSettings = {
				ALWAYS_SEARCH_USER_PATHS = NO;
				CLANG_ANALYZER_NONNULL = YES;
				CLANG_ANALYZER_NUMBER_OBJECT_CONVERSION = YES_AGGRESSIVE;
				CLANG_CXX_LANGUAGE_STANDARD = "gnu++20";
				CLANG_ENABLE_MODULES = YES;
				CLANG_ENABLE_OBJC_ARC = YES;
				CLANG_ENABLE_OBJC_WEAK = YES;
				CLANG_WARN_BLOCK_CAPTURE_AUTORELEASING = YES;
				CLANG_WARN_BOOL_CONVERSION = YES;
				CLANG_WARN_COMMA = YES;
				CLANG_WARN_CONSTANT_CONVERSION = YES;
				CLANG_WARN_DEPRECATED_OBJC_IMPLEMENTATIONS = YES;
				CLANG_WARN_DIRECT_OBJC_ISA_USAGE = YES_ERROR;
				CLANG_WARN_DOCUMENTATION_COMMENTS = YES;
				CLANG_WARN_EMPTY_BODY = YES;
				CLANG_WARN_ENUM_CONVERSION = YES;
				CLANG_WARN_INFINITE_RECURSION = YES;
				CLANG_WARN_INT_CONVERSION = YES;
				CLANG_WARN_NON_LITERAL_NULL_CONVERSION = YES;
				CLANG_WARN_OBJC_IMPLICIT_RETAIN_SELF = YES;
				CLANG_WARN_OBJC_LITERAL_CONVERSION = YES;
				CLANG_WARN_OBJC_ROOT_CLASS = YES_ERROR;
				CLANG_WARN_QUOTED_INCLUDE_IN_FRAMEWORK_HEADER = YES;
				CLANG_WARN_RANGE_LOOP_ANALYSIS = YES;
				CLANG_WARN_STRICT_PROTOTYPES = YES;
				CLANG_WARN_SUSPICIOUS_MOVE = YES;
				CLANG_WARN_UNGUARDED_AVAILABILITY = YES_AGGRESSIVE;
				CLANG_WARN_UNREACHABLE_CODE = YES;
				CLANG_WARN__DUPLICATE_METHOD_MATCH = YES;
				COPY_PHASE_STRIP = NO;
				DEBUG_INFORMATION_FORMAT = "dwarf-with-dsym";
				ENABLE_NS_ASSERTIONS = NO;
				ENABLE_STRICT_OBJC_MSGSEND = YES;
				GCC_C_LANGUAGE_STANDARD = gnu11;
				GCC_NO_COMMON_BLOCKS = YES;
				GCC_WARN_64_TO_32_BIT_CONVERSION = YES;
				GCC_WARN_ABOUT_RETURN_TYPE = YES_ERROR;
				GCC_WARN_UNDECLARED_SELECTOR = YES;
				GCC_WARN_UNINITIALIZED_AUTOS = YES_AGGRESSIVE;
				GCC_WARN_UNUSED_FUNCTION = YES;
				GCC_WARN_UNUSED_VARIABLE = YES;
				IPHONEOS_DEPLOYMENT_TARGET = 16.2;
				MTL_ENABLE_DEBUG_INFO = NO;
				MTL_FAST_MATH = YES;
				SDKROOT = iphoneos;
				SWIFT_COMPILATION_MODE = wholemodule;
				SWIFT_OPTIMIZATION_LEVEL = "-O";
				VALIDATE_PRODUCT = YES;
			};
			name = Release;
		};
		CBD63CD02F8140060024CAF4 /* Debug */ = {
			isa = XCBuildConfiguration;
			buildSettings = {
				ASSETCATALOG_COMPILER_APPICON_NAME = AppIcon;
				ASSETCATALOG_COMPILER_GLOBAL_ACCENT_COLOR_NAME = AccentColor;
				CODE_SIGN_STYLE = Automatic;
				CURRENT_PROJECT_VERSION = 1;
				DEVELOPMENT_ASSET_PATHS = "\"Vedic Skyview/Preview Content\"";
				ENABLE_PREVIEWS = YES;
				GENERATE_INFOPLIST_FILE = YES;
				HEADER_SEARCH_PATHS = "$(PROJECT_DIR)/Source/ThirdParty/swisseph/**";
				INFOPLIST_KEY_NSCameraUsageDescription = "Vedic Skyview uses the camera as an AR viewfinder to overlay Navagraha positions on the live sky.";
				INFOPLIST_KEY_NSLocationWhenInUseUsageDescription = "Your location is used to compute accurate topocentric planetary positions.";
				INFOPLIST_KEY_UIApplicationSceneManifest_Generation = YES;
				INFOPLIST_KEY_UIApplicationSupportsIndirectInputEvents = YES;
				INFOPLIST_KEY_UILaunchScreen_Generation = YES;
				INFOPLIST_KEY_UISupportedInterfaceOrientations_iPad = "UIInterfaceOrientationPortrait UIInterfaceOrientationPortraitUpsideDown UIInterfaceOrientationLandscapeLeft UIInterfaceOrientationLandscapeRight";
				INFOPLIST_KEY_UISupportedInterfaceOrientations_iPhone = "UIInterfaceOrientationPortrait UIInterfaceOrientationLandscapeLeft UIInterfaceOrientationLandscapeRight";
				LD_RUNPATH_SEARCH_PATHS = (
					"$(inherited)",
					"@executable_path/Frameworks",
				);
				MARKETING_VERSION = 1.0;
				PRODUCT_BUNDLE_IDENTIFIER = "com.vedicskyview.Vedic-Skyview";
				PRODUCT_NAME = "$(TARGET_NAME)";
				SWIFT_EMIT_LOC_STRINGS = YES;
				SWIFT_OBJC_BRIDGING_HEADER = "$(PROJECT_DIR)/VedicSkyview-Bridging-Header.h";
				SWIFT_VERSION = 5.0;
				TARGETED_DEVICE_FAMILY = "1,2";
			};
			name = Debug;
		};
		CBD63CD12F8140060024CAF4 /* Release */ = {
			isa = XCBuildConfiguration;
			buildSettings = {
				ASSETCATALOG_COMPILER_APPICON_NAME = AppIcon;
				ASSETCATALOG_COMPILER_GLOBAL_ACCENT_COLOR_NAME = AccentColor;
				CODE_SIGN_STYLE = Automatic;
				CURRENT_PROJECT_VERSION = 1;
				DEVELOPMENT_ASSET_PATHS = "\"Vedic Skyview/Preview Content\"";
				ENABLE_PREVIEWS = YES;
				GENERATE_INFOPLIST_FILE = YES;
				HEADER_SEARCH_PATHS = "$(PROJECT_DIR)/Source/ThirdParty/swisseph/**";
				INFOPLIST_KEY_NSCameraUsageDescription = "Vedic Skyview uses the camera as an AR viewfinder to overlay Navagraha positions on the live sky.";
				INFOPLIST_KEY_NSLocationWhenInUseUsageDescription = "Your location is used to compute accurate topocentric planetary positions.";
				INFOPLIST_KEY_UIApplicationSceneManifest_Generation = YES;
				INFOPLIST_KEY_UIApplicationSupportsIndirectInputEvents = YES;
				INFOPLIST_KEY_UILaunchScreen_Generation = YES;
				INFOPLIST_KEY_UISupportedInterfaceOrientations_iPad = "UIInterfaceOrientationPortrait UIInterfaceOrientationPortraitUpsideDown UIInterfaceOrientationLandscapeLeft UIInterfaceOrientationLandscapeRight";
				INFOPLIST_KEY_UISupportedInterfaceOrientations_iPhone = "UIInterfaceOrientationPortrait UIInterfaceOrientationLandscapeLeft UIInterfaceOrientationLandscapeRight";
				LD_RUNPATH_SEARCH_PATHS = (
					"$(inherited)",
					"@executable_path/Frameworks",
				);
				MARKETING_VERSION = 1.0;
				PRODUCT_BUNDLE_IDENTIFIER = "com.vedicskyview.Vedic-Skyview";
				PRODUCT_NAME = "$(TARGET_NAME)";
				SWIFT_EMIT_LOC_STRINGS = YES;
				SWIFT_OBJC_BRIDGING_HEADER = "$(PROJECT_DIR)/VedicSkyview-Bridging-Header.h";
				SWIFT_VERSION = 5.0;
				TARGETED_DEVICE_FAMILY = "1,2";
			};
			name = Release;
		};
		CBD63CD32F8140060024CAF4 /* Debug */ = {
			isa = XCBuildConfiguration;
			buildSettings = {
				ALWAYS_EMBED_SWIFT_STANDARD_LIBRARIES = YES;
				BUNDLE_LOADER = "$(TEST_HOST)";
				CODE_SIGN_STYLE = Automatic;
				CURRENT_PROJECT_VERSION = 1;
				GENERATE_INFOPLIST_FILE = YES;
				HEADER_SEARCH_PATHS = "$(PROJECT_DIR)/Source/ThirdParty/swisseph/**";
				IPHONEOS_DEPLOYMENT_TARGET = 16.2;
				MARKETING_VERSION = 1.0;
				PRODUCT_BUNDLE_IDENTIFIER = "com.vedicskyview.Vedic-SkyviewTests";
				PRODUCT_NAME = "$(TARGET_NAME)";
				SWIFT_EMIT_LOC_STRINGS = NO;
				SWIFT_OBJC_BRIDGING_HEADER = "$(PROJECT_DIR)/VedicSkyview-Bridging-Header.h";
				SWIFT_VERSION = 5.0;
				TARGETED_DEVICE_FAMILY = "1,2";
				TEST_HOST = "$(BUILT_PRODUCTS_DIR)/Vedic Skyview.app/$(BUNDLE_EXECUTABLE_FOLDER_PATH)/Vedic Skyview";
			};
			name = Debug;
		};
		CBD63CD42F8140060024CAF4 /* Release */ = {
			isa = XCBuildConfiguration;
			buildSettings = {
				ALWAYS_EMBED_SWIFT_STANDARD_LIBRARIES = YES;
				BUNDLE_LOADER = "$(TEST_HOST)";
				CODE_SIGN_STYLE = Automatic;
				CURRENT_PROJECT_VERSION = 1;
				GENERATE_INFOPLIST_FILE = YES;
				HEADER_SEARCH_PATHS = "$(PROJECT_DIR)/Source/ThirdParty/swisseph/**";
				IPHONEOS_DEPLOYMENT_TARGET = 16.2;
				MARKETING_VERSION = 1.0;
				PRODUCT_BUNDLE_IDENTIFIER = "com.vedicskyview.Vedic-SkyviewTests";
				PRODUCT_NAME = "$(TARGET_NAME)";
				SWIFT_EMIT_LOC_STRINGS = NO;
				SWIFT_OBJC_BRIDGING_HEADER = "$(PROJECT_DIR)/VedicSkyview-Bridging-Header.h";
				SWIFT_VERSION = 5.0;
				TARGETED_DEVICE_FAMILY = "1,2";
				TEST_HOST = "$(BUILT_PRODUCTS_DIR)/Vedic Skyview.app/$(BUNDLE_EXECUTABLE_FOLDER_PATH)/Vedic Skyview";
			};
			name = Release;
		};
		CBD63CD62F8140060024CAF4 /* Debug */ = {
			isa = XCBuildConfiguration;
			buildSettings = {
				ALWAYS_EMBED_SWIFT_STANDARD_LIBRARIES = YES;
				CODE_SIGN_STYLE = Automatic;
				CURRENT_PROJECT_VERSION = 1;
				GENERATE_INFOPLIST_FILE = YES;
				MARKETING_VERSION = 1.0;
				PRODUCT_BUNDLE_IDENTIFIER = "com.vedicskyview.Vedic-SkyviewUITests";
				PRODUCT_NAME = "$(TARGET_NAME)";
				SWIFT_EMIT_LOC_STRINGS = NO;
				SWIFT_VERSION = 5.0;
				TARGETED_DEVICE_FAMILY = "1,2";
				TEST_TARGET_NAME = "Vedic Skyview";
			};
			name = Debug;
		};
		CBD63CD72F8140060024CAF4 /* Release */ = {
			isa = XCBuildConfiguration;
			buildSettings = {
				ALWAYS_EMBED_SWIFT_STANDARD_LIBRARIES = YES;
				CODE_SIGN_STYLE = Automatic;
				CURRENT_PROJECT_VERSION = 1;
				GENERATE_INFOPLIST_FILE = YES;
				MARKETING_VERSION = 1.0;
				PRODUCT_BUNDLE_IDENTIFIER = "com.vedicskyview.Vedic-SkyviewUITests";
				PRODUCT_NAME = "$(TARGET_NAME)";
				SWIFT_EMIT_LOC_STRINGS = NO;
				SWIFT_VERSION = 5.0;
				TARGETED_DEVICE_FAMILY = "1,2";
				TEST_TARGET_NAME = "Vedic Skyview";
			};
			name = Release;
		};
/* End XCBuildConfiguration section */

/* Begin XCConfigurationList section */
		CBD63CA62F8140020024CAF4 /* Build configuration list for PBXProject "Vedic Skyview" */ = {
			isa = XCConfigurationList;
			buildConfigurations = (
				CBD63CCD2F8140060024CAF4 /* Debug */,
				CBD63CCE2F8140060024CAF4 /* Release */,
			);
			defaultConfigurationIsVisible = 0;
			defaultConfigurationName = Release;
		};
		CBD63CCF2F8140060024CAF4 /* Build configuration list for PBXNativeTarget "Vedic Skyview" */ = {
			isa = XCConfigurationList;
			buildConfigurations = (
				CBD63CD02F8140060024CAF4 /* Debug */,
				CBD63CD12F8140060024CAF4 /* Release */,
			);
			defaultConfigurationIsVisible = 0;
			defaultConfigurationName = Release;
		};
		CBD63CD22F8140060024CAF4 /* Build configuration list for PBXNativeTarget "Vedic SkyviewTests" */ = {
			isa = XCConfigurationList;
			buildConfigurations = (
				CBD63CD32F8140060024CAF4 /* Debug */,
				CBD63CD42F8140060024CAF4 /* Release */,
			);
			defaultConfigurationIsVisible = 0;
			defaultConfigurationName = Release;
		};
		CBD63CD52F8140060024CAF4 /* Build configuration list for PBXNativeTarget "Vedic SkyviewUITests" */ = {
			isa = XCConfigurationList;
			buildConfigurations = (
				CBD63CD62F8140060024CAF4 /* Debug */,
				CBD63CD72F8140060024CAF4 /* Release */,
			);
			defaultConfigurationIsVisible = 0;
			defaultConfigurationName = Release;
		};
/* End XCConfigurationList section */
	};
	rootObject = CBD63CA32F8140020024CAF4 /* Project object */;
}
